// !$*UTF8*$!
{
	archiveVersion = 1;
	classes = {
	};
	objectVersion = 48;
	objects = {

/* Begin PBXBuildFile section */
		A36B6E672060032900466321 /* AttackShape.swift in Sources */ = {isa = PBXBuildFile; fileRef = A36B6E662060032900466321 /* AttackShape.swift */; };
		A36B6E692060035300466321 /* GuardShape.swift in Sources */ = {isa = PBXBuildFile; fileRef = A36B6E682060035300466321 /* GuardShape.swift */; };
		A38E0CD020518C1300467A61 /* Meteor.swift in Sources */ = {isa = PBXBuildFile; fileRef = A38E0CCF20518C1300467A61 /* Meteor.swift */; };
		A38E0CD22053904800467A61 /* SKNode+zPos.swift in Sources */ = {isa = PBXBuildFile; fileRef = A38E0CD12053904800467A61 /* SKNode+zPos.swift */; };
		A3A0DA09204142EE0044D397 /* AdSupport.framework in Frameworks */ = {isa = PBXBuildFile; fileRef = A3A0DA08204142ED0044D397 /* AdSupport.framework */; };
		A3A0DA14204143500044D397 /* CoreGraphics.framework in Frameworks */ = {isa = PBXBuildFile; fileRef = A3A0DA0A2041434F0044D397 /* CoreGraphics.framework */; };
		A3A0DA15204143500044D397 /* EventKit.framework in Frameworks */ = {isa = PBXBuildFile; fileRef = A3A0DA0B2041434F0044D397 /* EventKit.framework */; };
		A3A0DA16204143500044D397 /* EventKitUI.framework in Frameworks */ = {isa = PBXBuildFile; fileRef = A3A0DA0C2041434F0044D397 /* EventKitUI.framework */; };
		A3A0DA17204143500044D397 /* StoreKit.framework in Frameworks */ = {isa = PBXBuildFile; fileRef = A3A0DA0D2041434F0044D397 /* StoreKit.framework */; };
		A3A0DA18204143500044D397 /* AudioToolbox.framework in Frameworks */ = {isa = PBXBuildFile; fileRef = A3A0DA0E2041434F0044D397 /* AudioToolbox.framework */; };
		A3A0DA19204143500044D397 /* AVFoundation.framework in Frameworks */ = {isa = PBXBuildFile; fileRef = A3A0DA0F2041434F0044D397 /* AVFoundation.framework */; };
		A3A0DA1A204143500044D397 /* CoreMedia.framework in Frameworks */ = {isa = PBXBuildFile; fileRef = A3A0DA10204143500044D397 /* CoreMedia.framework */; };
		A3A0DA1B204143500044D397 /* CoreTelephony.framework in Frameworks */ = {isa = PBXBuildFile; fileRef = A3A0DA11204143500044D397 /* CoreTelephony.framework */; };
		A3A0DA1C204143500044D397 /* MessageUI.framework in Frameworks */ = {isa = PBXBuildFile; fileRef = A3A0DA12204143500044D397 /* MessageUI.framework */; };
		A3A0DA1D204143500044D397 /* SystemConfiguration.framework in Frameworks */ = {isa = PBXBuildFile; fileRef = A3A0DA13204143500044D397 /* SystemConfiguration.framework */; };
		A3A0DA1F204143750044D397 /* GoogleMobileAds.framework in Frameworks */ = {isa = PBXBuildFile; fileRef = A3A0DA1E204143750044D397 /* GoogleMobileAds.framework */; };
		A3DBAE5B203883F90025B9DD /* GillSansStd-ExtraBold.otf in Resources */ = {isa = PBXBuildFile; fileRef = A3DBAE5A203883F90025B9DD /* GillSansStd-ExtraBold.otf */; };
		A3DBAE81203926C50025B9DD /* LandingEffect.swift in Sources */ = {isa = PBXBuildFile; fileRef = A3DBAE80203926C50025B9DD /* LandingEffect.swift */; };
		A3DBAE83203946960025B9DD /* Player.swift in Sources */ = {isa = PBXBuildFile; fileRef = A3DBAE82203946960025B9DD /* Player.swift */; };
		A3DBAE852039CA1C0025B9DD /* ComboLabel.swift in Sources */ = {isa = PBXBuildFile; fileRef = A3DBAE842039CA1C0025B9DD /* ComboLabel.swift */; };
		A3DBAE87203B1CB50025B9DD /* Credits.swift in Sources */ = {isa = PBXBuildFile; fileRef = A3DBAE86203B1CB50025B9DD /* Credits.swift */; };
		A3DCB55B204A2AE2008C8262 /* pod.xcassets in Resources */ = {isa = PBXBuildFile; fileRef = A3DCB55A204A2AE2008C8262 /* pod.xcassets */; };
		A3DCB55F204AC317008C8262 /* GaugeView.xcassets in Resources */ = {isa = PBXBuildFile; fileRef = A3DCB55E204AC317008C8262 /* GaugeView.xcassets */; };
		B61D434D205D089B00EE5FDF /* LaunchScreen.xcassets in Resources */ = {isa = PBXBuildFile; fileRef = B61D434C205D089B00EE5FDF /* LaunchScreen.xcassets */; };
		B63CFD652037390800F0F90E /* AppDelegate.swift in Sources */ = {isa = PBXBuildFile; fileRef = B63CFD642037390800F0F90E /* AppDelegate.swift */; };
		B63CFD702037390800F0F90E /* Main.storyboard in Resources */ = {isa = PBXBuildFile; fileRef = B63CFD6E2037390800F0F90E /* Main.storyboard */; };
		B63CFD752037390800F0F90E /* LaunchScreen.storyboard in Resources */ = {isa = PBXBuildFile; fileRef = B63CFD732037390800F0F90E /* LaunchScreen.storyboard */; };
		B63CFD802037390800F0F90E /* MeteorTests.swift in Sources */ = {isa = PBXBuildFile; fileRef = B63CFD7F2037390800F0F90E /* MeteorTests.swift */; };
		B63CFD8B2037390800F0F90E /* MeteorUITests.swift in Sources */ = {isa = PBXBuildFile; fileRef = B63CFD8A2037390800F0F90E /* MeteorUITests.swift */; };
		B63CFDA620373BA400F0F90E /* GameScene.sks in Resources */ = {isa = PBXBuildFile; fileRef = B63CFDA520373BA400F0F90E /* GameScene.sks */; };
		B63CFDA820373BAC00F0F90E /* GameScene.swift in Sources */ = {isa = PBXBuildFile; fileRef = B63CFDA720373BAC00F0F90E /* GameScene.swift */; };
		B63CFDBE20373C9400F0F90E /* IconButton.swift in Sources */ = {isa = PBXBuildFile; fileRef = B63CFDBD20373C9400F0F90E /* IconButton.swift */; };
		B63CFDC620373CEF00F0F90E /* GuardPod.swift in Sources */ = {isa = PBXBuildFile; fileRef = B63CFDC520373CEF00F0F90E /* GuardPod.swift */; };
		B63CFDC820373CF800F0F90E /* HUDView.swift in Sources */ = {isa = PBXBuildFile; fileRef = B63CFDC720373CF800F0F90E /* HUDView.swift */; };
		B63CFDCF20373D2C00F0F90E /* GameView.swift in Sources */ = {isa = PBXBuildFile; fileRef = B63CFDCA20373D2C00F0F90E /* GameView.swift */; };
		B63CFDD020373D2C00F0F90E /* PauseView.swift in Sources */ = {isa = PBXBuildFile; fileRef = B63CFDCB20373D2C00F0F90E /* PauseView.swift */; };
		B63CFDD120373D2C00F0F90E /* GameViewController.swift in Sources */ = {isa = PBXBuildFile; fileRef = B63CFDCC20373D2C00F0F90E /* GameViewController.swift */; };
		B63CFDE220373DC100F0F90E /* shining_star.mp3 in Resources */ = {isa = PBXBuildFile; fileRef = B63CFDD920373DC000F0F90E /* shining_star.mp3 */; };
		B63CFDE820373EAC00F0F90E /* MeteorBroken.sks in Resources */ = {isa = PBXBuildFile; fileRef = B63CFDE620373EAC00F0F90E /* MeteorBroken.sks */; };
		B63CFDF42037E28D00F0F90E /* Asset.xcassets in Resources */ = {isa = PBXBuildFile; fileRef = B63CFDF32037E28D00F0F90E /* Asset.xcassets */; };
		B6511693204ACEB7008C6571 /* Player.xcassets in Resources */ = {isa = PBXBuildFile; fileRef = B6511692204ACEB7008C6571 /* Player.xcassets */; };
		B661083F2046A8B0008B3767 /* TitleNode.swift in Sources */ = {isa = PBXBuildFile; fileRef = B661083E2046A8B0008B3767 /* TitleNode.swift */; };
		B6610841204829AA008B3767 /* GaugeView.swift in Sources */ = {isa = PBXBuildFile; fileRef = B6610840204829AA008B3767 /* GaugeView.swift */; };
		B661084320484ECA008B3767 /* Ground.swift in Sources */ = {isa = PBXBuildFile; fileRef = B661084220484ECA008B3767 /* Ground.swift */; };
		B6610845204A6101008B3767 /* push_45.mp3 in Resources */ = {isa = PBXBuildFile; fileRef = B6610844204A6101008B3767 /* push_45.mp3 */; };
		B6610847204A67F0008B3767 /* GameOverView.xcassets in Resources */ = {isa = PBXBuildFile; fileRef = B6610846204A67F0008B3767 /* GameOverView.xcassets */; };
		B6610849204A76D2008B3767 /* BackgroundView.swift in Sources */ = {isa = PBXBuildFile; fileRef = B6610848204A76D2008B3767 /* BackgroundView.swift */; };
		B661084B204A771D008B3767 /* LowestShape.swift in Sources */ = {isa = PBXBuildFile; fileRef = B661084A204A771D008B3767 /* LowestShape.swift */; };
		B661084D204A777E008B3767 /* BackgroundView.xcassets in Resources */ = {isa = PBXBuildFile; fileRef = B661084C204A777E008B3767 /* BackgroundView.xcassets */; };
		B6958AAB2045885E00573D8D /* explore16.mp3 in Resources */ = {isa = PBXBuildFile; fileRef = B6958AAA2045885E00573D8D /* explore16.mp3 */; };
		B6958AAD20459D0400573D8D /* attack03.mp3 in Resources */ = {isa = PBXBuildFile; fileRef = B6958AAC20459D0400573D8D /* attack03.mp3 */; };
		B6958AAF20459D2F00573D8D /* broken1.mp3 in Resources */ = {isa = PBXBuildFile; fileRef = B6958AAE20459D2F00573D8D /* broken1.mp3 */; };
		B6958AB120459D6500573D8D /* jump10.mp3 in Resources */ = {isa = PBXBuildFile; fileRef = B6958AB020459D6500573D8D /* jump10.mp3 */; };
		B6958AB320459D8000573D8D /* bougyo01.mp3 in Resources */ = {isa = PBXBuildFile; fileRef = B6958AB220459D8000573D8D /* bougyo01.mp3 */; };
		B6958AB520459DBE00573D8D /* tyakuti1.mp3 in Resources */ = {isa = PBXBuildFile; fileRef = B6958AB420459DBE00573D8D /* tyakuti1.mp3 */; };
		B6958AB720459DE000573D8D /* move1.mp3 in Resources */ = {isa = PBXBuildFile; fileRef = B6958AB620459DE000573D8D /* move1.mp3 */; };
		B6958AB92045A0FA00573D8D /* button01.mp3 in Resources */ = {isa = PBXBuildFile; fileRef = B6958AB82045A0FA00573D8D /* button01.mp3 */; };
		B6958ABB2045A49C00573D8D /* piano31.mp3 in Resources */ = {isa = PBXBuildFile; fileRef = B6958ABA2045A49C00573D8D /* piano31.mp3 */; };
		B6A4CEBD204141A700A9AB0D /* Launch Screen.storyboard in Resources */ = {isa = PBXBuildFile; fileRef = B6A4CEBB204141A700A9AB0D /* Launch Screen.storyboard */; };
		B6A4CEBF2041D67900A9AB0D /* yabusaka.mp3 in Resources */ = {isa = PBXBuildFile; fileRef = B6A4CEBE2041D67900A9AB0D /* yabusaka.mp3 */; };
		B6A4CEC12041DACB00A9AB0D /* crasy.mp3 in Resources */ = {isa = PBXBuildFile; fileRef = B6A4CEC02041DACA00A9AB0D /* crasy.mp3 */; };
		B6C67B93205AA6AF002E89E9 /* jump.sks in Resources */ = {isa = PBXBuildFile; fileRef = B6C67B91205AA6AF002E89E9 /* jump.sks */; };
		B6C67B94205AA6AF002E89E9 /* Assets.xcassets in Resources */ = {isa = PBXBuildFile; fileRef = B6C67B92205AA6AF002E89E9 /* Assets.xcassets */; };
		B6C67B98205CE98F002E89E9 /* PauseButton.swift in Sources */ = {isa = PBXBuildFile; fileRef = B6C67B97205CE98F002E89E9 /* PauseButton.swift */; };
		B6C67B9A205CEAAE002E89E9 /* PauseButton.xcassets in Resources */ = {isa = PBXBuildFile; fileRef = B6C67B99205CEAAE002E89E9 /* PauseButton.xcassets */; };
		B6D0C6162053A09B0007F8D1 /* Impact.sks in Resources */ = {isa = PBXBuildFile; fileRef = B6D0C6142053A09B0007F8D1 /* Impact.sks */; };
		B6D0C6172053A09B0007F8D1 /* Particle.xcassets in Resources */ = {isa = PBXBuildFile; fileRef = B6D0C6152053A09B0007F8D1 /* Particle.xcassets */; };
		B6DE6286203B15E100A1B13F /* GameOverView.swift in Sources */ = {isa = PBXBuildFile; fileRef = B6DE6285203B15E100A1B13F /* GameOverView.swift */; };
/* End PBXBuildFile section */

/* Begin PBXContainerItemProxy section */
		B63CFD7C2037390800F0F90E /* PBXContainerItemProxy */ = {
			isa = PBXContainerItemProxy;
			containerPortal = B63CFD592037390800F0F90E /* Project object */;
			proxyType = 1;
			remoteGlobalIDString = B63CFD602037390800F0F90E;
			remoteInfo = Meteor;
		};
		B63CFD872037390800F0F90E /* PBXContainerItemProxy */ = {
			isa = PBXContainerItemProxy;
			containerPortal = B63CFD592037390800F0F90E /* Project object */;
			proxyType = 1;
			remoteGlobalIDString = B63CFD602037390800F0F90E;
			remoteInfo = Meteor;
		};
/* End PBXContainerItemProxy section */

/* Begin PBXFileReference section */
		A36B6E662060032900466321 /* AttackShape.swift */ = {isa = PBXFileReference; lastKnownFileType = sourcecode.swift; path = AttackShape.swift; sourceTree = "<group>"; };
		A36B6E682060035300466321 /* GuardShape.swift */ = {isa = PBXFileReference; lastKnownFileType = sourcecode.swift; path = GuardShape.swift; sourceTree = "<group>"; };
		A38E0CCF20518C1300467A61 /* Meteor.swift */ = {isa = PBXFileReference; lastKnownFileType = sourcecode.swift; path = Meteor.swift; sourceTree = "<group>"; };
		A38E0CD12053904800467A61 /* SKNode+zPos.swift */ = {isa = PBXFileReference; lastKnownFileType = sourcecode.swift; path = "SKNode+zPos.swift"; sourceTree = "<group>"; };
		A3A0DA08204142ED0044D397 /* AdSupport.framework */ = {isa = PBXFileReference; lastKnownFileType = wrapper.framework; name = AdSupport.framework; path = System/Library/Frameworks/AdSupport.framework; sourceTree = SDKROOT; };
		A3A0DA0A2041434F0044D397 /* CoreGraphics.framework */ = {isa = PBXFileReference; lastKnownFileType = wrapper.framework; name = CoreGraphics.framework; path = System/Library/Frameworks/CoreGraphics.framework; sourceTree = SDKROOT; };
		A3A0DA0B2041434F0044D397 /* EventKit.framework */ = {isa = PBXFileReference; lastKnownFileType = wrapper.framework; name = EventKit.framework; path = System/Library/Frameworks/EventKit.framework; sourceTree = SDKROOT; };
		A3A0DA0C2041434F0044D397 /* EventKitUI.framework */ = {isa = PBXFileReference; lastKnownFileType = wrapper.framework; name = EventKitUI.framework; path = System/Library/Frameworks/EventKitUI.framework; sourceTree = SDKROOT; };
		A3A0DA0D2041434F0044D397 /* StoreKit.framework */ = {isa = PBXFileReference; lastKnownFileType = wrapper.framework; name = StoreKit.framework; path = System/Library/Frameworks/StoreKit.framework; sourceTree = SDKROOT; };
		A3A0DA0E2041434F0044D397 /* AudioToolbox.framework */ = {isa = PBXFileReference; lastKnownFileType = wrapper.framework; name = AudioToolbox.framework; path = System/Library/Frameworks/AudioToolbox.framework; sourceTree = SDKROOT; };
		A3A0DA0F2041434F0044D397 /* AVFoundation.framework */ = {isa = PBXFileReference; lastKnownFileType = wrapper.framework; name = AVFoundation.framework; path = System/Library/Frameworks/AVFoundation.framework; sourceTree = SDKROOT; };
		A3A0DA10204143500044D397 /* CoreMedia.framework */ = {isa = PBXFileReference; lastKnownFileType = wrapper.framework; name = CoreMedia.framework; path = System/Library/Frameworks/CoreMedia.framework; sourceTree = SDKROOT; };
		A3A0DA11204143500044D397 /* CoreTelephony.framework */ = {isa = PBXFileReference; lastKnownFileType = wrapper.framework; name = CoreTelephony.framework; path = System/Library/Frameworks/CoreTelephony.framework; sourceTree = SDKROOT; };
		A3A0DA12204143500044D397 /* MessageUI.framework */ = {isa = PBXFileReference; lastKnownFileType = wrapper.framework; name = MessageUI.framework; path = System/Library/Frameworks/MessageUI.framework; sourceTree = SDKROOT; };
		A3A0DA13204143500044D397 /* SystemConfiguration.framework */ = {isa = PBXFileReference; lastKnownFileType = wrapper.framework; name = SystemConfiguration.framework; path = System/Library/Frameworks/SystemConfiguration.framework; sourceTree = SDKROOT; };
		A3A0DA1E204143750044D397 /* GoogleMobileAds.framework */ = {isa = PBXFileReference; lastKnownFileType = wrapper.framework; path = GoogleMobileAds.framework; sourceTree = "<group>"; };
		A3DBAE5A203883F90025B9DD /* GillSansStd-ExtraBold.otf */ = {isa = PBXFileReference; lastKnownFileType = file; path = "GillSansStd-ExtraBold.otf"; sourceTree = "<group>"; };
		A3DBAE80203926C50025B9DD /* LandingEffect.swift */ = {isa = PBXFileReference; lastKnownFileType = sourcecode.swift; path = LandingEffect.swift; sourceTree = "<group>"; };
		A3DBAE82203946960025B9DD /* Player.swift */ = {isa = PBXFileReference; lastKnownFileType = sourcecode.swift; path = Player.swift; sourceTree = "<group>"; };
		A3DBAE842039CA1C0025B9DD /* ComboLabel.swift */ = {isa = PBXFileReference; lastKnownFileType = sourcecode.swift; path = ComboLabel.swift; sourceTree = "<group>"; };
		A3DBAE86203B1CB50025B9DD /* Credits.swift */ = {isa = PBXFileReference; lastKnownFileType = sourcecode.swift; path = Credits.swift; sourceTree = "<group>"; };
		A3DCB55A204A2AE2008C8262 /* pod.xcassets */ = {isa = PBXFileReference; lastKnownFileType = folder.assetcatalog; path = pod.xcassets; sourceTree = "<group>"; };
		A3DCB55E204AC317008C8262 /* GaugeView.xcassets */ = {isa = PBXFileReference; lastKnownFileType = folder.assetcatalog; path = GaugeView.xcassets; sourceTree = "<group>"; };
		B61D434C205D089B00EE5FDF /* LaunchScreen.xcassets */ = {isa = PBXFileReference; lastKnownFileType = folder.assetcatalog; path = LaunchScreen.xcassets; sourceTree = "<group>"; };
		B63CFD612037390800F0F90E /* Meteor.app */ = {isa = PBXFileReference; explicitFileType = wrapper.application; includeInIndex = 0; path = Meteor.app; sourceTree = BUILT_PRODUCTS_DIR; };
		B63CFD642037390800F0F90E /* AppDelegate.swift */ = {isa = PBXFileReference; lastKnownFileType = sourcecode.swift; path = AppDelegate.swift; sourceTree = "<group>"; };
		B63CFD6F2037390800F0F90E /* Base */ = {isa = PBXFileReference; lastKnownFileType = file.storyboard; name = Base; path = Base.lproj/Main.storyboard; sourceTree = "<group>"; };
		B63CFD742037390800F0F90E /* Base */ = {isa = PBXFileReference; lastKnownFileType = file.storyboard; name = Base; path = Base.lproj/LaunchScreen.storyboard; sourceTree = "<group>"; };
		B63CFD762037390800F0F90E /* Info.plist */ = {isa = PBXFileReference; lastKnownFileType = text.plist.xml; path = Info.plist; sourceTree = "<group>"; };
		B63CFD7B2037390800F0F90E /* MeteorTests.xctest */ = {isa = PBXFileReference; explicitFileType = wrapper.cfbundle; includeInIndex = 0; path = MeteorTests.xctest; sourceTree = BUILT_PRODUCTS_DIR; };
		B63CFD7F2037390800F0F90E /* MeteorTests.swift */ = {isa = PBXFileReference; lastKnownFileType = sourcecode.swift; path = MeteorTests.swift; sourceTree = "<group>"; };
		B63CFD812037390800F0F90E /* Info.plist */ = {isa = PBXFileReference; lastKnownFileType = text.plist.xml; path = Info.plist; sourceTree = "<group>"; };
		B63CFD862037390800F0F90E /* MeteorUITests.xctest */ = {isa = PBXFileReference; explicitFileType = wrapper.cfbundle; includeInIndex = 0; path = MeteorUITests.xctest; sourceTree = BUILT_PRODUCTS_DIR; };
		B63CFD8A2037390800F0F90E /* MeteorUITests.swift */ = {isa = PBXFileReference; lastKnownFileType = sourcecode.swift; path = MeteorUITests.swift; sourceTree = "<group>"; };
		B63CFD8C2037390800F0F90E /* Info.plist */ = {isa = PBXFileReference; lastKnownFileType = text.plist.xml; path = Info.plist; sourceTree = "<group>"; };
		B63CFDA520373BA400F0F90E /* GameScene.sks */ = {isa = PBXFileReference; lastKnownFileType = file.sks; path = GameScene.sks; sourceTree = "<group>"; };
		B63CFDA720373BAC00F0F90E /* GameScene.swift */ = {isa = PBXFileReference; fileEncoding = 4; lastKnownFileType = sourcecode.swift; path = GameScene.swift; sourceTree = "<group>"; };
		B63CFDBD20373C9400F0F90E /* IconButton.swift */ = {isa = PBXFileReference; fileEncoding = 4; lastKnownFileType = sourcecode.swift; path = IconButton.swift; sourceTree = "<group>"; };
		B63CFDC520373CEF00F0F90E /* GuardPod.swift */ = {isa = PBXFileReference; fileEncoding = 4; lastKnownFileType = sourcecode.swift; path = GuardPod.swift; sourceTree = "<group>"; };
		B63CFDC720373CF800F0F90E /* HUDView.swift */ = {isa = PBXFileReference; fileEncoding = 4; lastKnownFileType = sourcecode.swift; path = HUDView.swift; sourceTree = "<group>"; };
		B63CFDCA20373D2C00F0F90E /* GameView.swift */ = {isa = PBXFileReference; fileEncoding = 4; lastKnownFileType = sourcecode.swift; path = GameView.swift; sourceTree = "<group>"; };
		B63CFDCB20373D2C00F0F90E /* PauseView.swift */ = {isa = PBXFileReference; fileEncoding = 4; lastKnownFileType = sourcecode.swift; path = PauseView.swift; sourceTree = "<group>"; };
		B63CFDCC20373D2C00F0F90E /* GameViewController.swift */ = {isa = PBXFileReference; fileEncoding = 4; lastKnownFileType = sourcecode.swift; path = GameViewController.swift; sourceTree = "<group>"; };
		B63CFDD920373DC000F0F90E /* shining_star.mp3 */ = {isa = PBXFileReference; lastKnownFileType = audio.mp3; path = shining_star.mp3; sourceTree = "<group>"; };
		B63CFDE620373EAC00F0F90E /* MeteorBroken.sks */ = {isa = PBXFileReference; lastKnownFileType = file.sks; path = MeteorBroken.sks; sourceTree = "<group>"; };
		B63CFDF32037E28D00F0F90E /* Asset.xcassets */ = {isa = PBXFileReference; lastKnownFileType = folder.assetcatalog; path = Asset.xcassets; sourceTree = "<group>"; };
		B6511692204ACEB7008C6571 /* Player.xcassets */ = {isa = PBXFileReference; lastKnownFileType = folder.assetcatalog; path = Player.xcassets; sourceTree = "<group>"; };
		B661083E2046A8B0008B3767 /* TitleNode.swift */ = {isa = PBXFileReference; lastKnownFileType = sourcecode.swift; path = TitleNode.swift; sourceTree = "<group>"; };
		B6610840204829AA008B3767 /* GaugeView.swift */ = {isa = PBXFileReference; lastKnownFileType = sourcecode.swift; path = GaugeView.swift; sourceTree = "<group>"; };
		B661084220484ECA008B3767 /* Ground.swift */ = {isa = PBXFileReference; lastKnownFileType = sourcecode.swift; path = Ground.swift; sourceTree = "<group>"; };
		B6610844204A6101008B3767 /* push_45.mp3 */ = {isa = PBXFileReference; lastKnownFileType = audio.mp3; path = push_45.mp3; sourceTree = "<group>"; };
		B6610846204A67F0008B3767 /* GameOverView.xcassets */ = {isa = PBXFileReference; lastKnownFileType = folder.assetcatalog; path = GameOverView.xcassets; sourceTree = "<group>"; };
		B6610848204A76D2008B3767 /* BackgroundView.swift */ = {isa = PBXFileReference; lastKnownFileType = sourcecode.swift; path = BackgroundView.swift; sourceTree = "<group>"; };
		B661084A204A771D008B3767 /* LowestShape.swift */ = {isa = PBXFileReference; lastKnownFileType = sourcecode.swift; path = LowestShape.swift; sourceTree = "<group>"; };
		B661084C204A777E008B3767 /* BackgroundView.xcassets */ = {isa = PBXFileReference; lastKnownFileType = folder.assetcatalog; path = BackgroundView.xcassets; sourceTree = "<group>"; };
		B6958AAA2045885E00573D8D /* explore16.mp3 */ = {isa = PBXFileReference; lastKnownFileType = audio.mp3; path = explore16.mp3; sourceTree = "<group>"; };
		B6958AAC20459D0400573D8D /* attack03.mp3 */ = {isa = PBXFileReference; lastKnownFileType = audio.mp3; path = attack03.mp3; sourceTree = "<group>"; };
		B6958AAE20459D2F00573D8D /* broken1.mp3 */ = {isa = PBXFileReference; lastKnownFileType = audio.mp3; path = broken1.mp3; sourceTree = "<group>"; };
		B6958AB020459D6500573D8D /* jump10.mp3 */ = {isa = PBXFileReference; lastKnownFileType = audio.mp3; path = jump10.mp3; sourceTree = "<group>"; };
		B6958AB220459D8000573D8D /* bougyo01.mp3 */ = {isa = PBXFileReference; lastKnownFileType = audio.mp3; path = bougyo01.mp3; sourceTree = "<group>"; };
		B6958AB420459DBE00573D8D /* tyakuti1.mp3 */ = {isa = PBXFileReference; lastKnownFileType = audio.mp3; path = tyakuti1.mp3; sourceTree = "<group>"; };
		B6958AB620459DE000573D8D /* move1.mp3 */ = {isa = PBXFileReference; lastKnownFileType = audio.mp3; path = move1.mp3; sourceTree = "<group>"; };
		B6958AB82045A0FA00573D8D /* button01.mp3 */ = {isa = PBXFileReference; lastKnownFileType = audio.mp3; path = button01.mp3; sourceTree = "<group>"; };
		B6958ABA2045A49C00573D8D /* piano31.mp3 */ = {isa = PBXFileReference; lastKnownFileType = audio.mp3; path = piano31.mp3; sourceTree = "<group>"; };
		B6A4CEBC204141A700A9AB0D /* Base */ = {isa = PBXFileReference; lastKnownFileType = file.storyboard; name = Base; path = "Launch Screen.storyboard"; sourceTree = "<group>"; };
		B6A4CEBE2041D67900A9AB0D /* yabusaka.mp3 */ = {isa = PBXFileReference; lastKnownFileType = audio.mp3; path = yabusaka.mp3; sourceTree = "<group>"; };
		B6A4CEC02041DACA00A9AB0D /* crasy.mp3 */ = {isa = PBXFileReference; lastKnownFileType = audio.mp3; path = crasy.mp3; sourceTree = "<group>"; };
		B6C67B91205AA6AF002E89E9 /* jump.sks */ = {isa = PBXFileReference; lastKnownFileType = file.sks; path = jump.sks; sourceTree = "<group>"; };
		B6C67B92205AA6AF002E89E9 /* Assets.xcassets */ = {isa = PBXFileReference; lastKnownFileType = folder.assetcatalog; path = Assets.xcassets; sourceTree = "<group>"; };
		B6C67B97205CE98F002E89E9 /* PauseButton.swift */ = {isa = PBXFileReference; lastKnownFileType = sourcecode.swift; path = PauseButton.swift; sourceTree = "<group>"; };
		B6C67B99205CEAAE002E89E9 /* PauseButton.xcassets */ = {isa = PBXFileReference; lastKnownFileType = folder.assetcatalog; path = PauseButton.xcassets; sourceTree = "<group>"; };
		B6D0C6142053A09B0007F8D1 /* Impact.sks */ = {isa = PBXFileReference; lastKnownFileType = file.sks; path = Impact.sks; sourceTree = "<group>"; };
		B6D0C6152053A09B0007F8D1 /* Particle.xcassets */ = {isa = PBXFileReference; lastKnownFileType = folder.assetcatalog; path = Particle.xcassets; sourceTree = "<group>"; };
		B6DE6285203B15E100A1B13F /* GameOverView.swift */ = {isa = PBXFileReference; lastKnownFileType = sourcecode.swift; path = GameOverView.swift; sourceTree = "<group>"; };
/* End PBXFileReference section */

/* Begin PBXFrameworksBuildPhase section */
		B63CFD5E2037390800F0F90E /* Frameworks */ = {
			isa = PBXFrameworksBuildPhase;
			buildActionMask = 2147483647;
			files = (
				A3A0DA1F204143750044D397 /* GoogleMobileAds.framework in Frameworks */,
				A3A0DA14204143500044D397 /* CoreGraphics.framework in Frameworks */,
				A3A0DA15204143500044D397 /* EventKit.framework in Frameworks */,
				A3A0DA16204143500044D397 /* EventKitUI.framework in Frameworks */,
				A3A0DA17204143500044D397 /* StoreKit.framework in Frameworks */,
				A3A0DA18204143500044D397 /* AudioToolbox.framework in Frameworks */,
				A3A0DA19204143500044D397 /* AVFoundation.framework in Frameworks */,
				A3A0DA1A204143500044D397 /* CoreMedia.framework in Frameworks */,
				A3A0DA1B204143500044D397 /* CoreTelephony.framework in Frameworks */,
				A3A0DA1C204143500044D397 /* MessageUI.framework in Frameworks */,
				A3A0DA1D204143500044D397 /* SystemConfiguration.framework in Frameworks */,
				A3A0DA09204142EE0044D397 /* AdSupport.framework in Frameworks */,
			);
			runOnlyForDeploymentPostprocessing = 0;
		};
		B63CFD782037390800F0F90E /* Frameworks */ = {
			isa = PBXFrameworksBuildPhase;
			buildActionMask = 2147483647;
			files = (
			);
			runOnlyForDeploymentPostprocessing = 0;
		};
		B63CFD832037390800F0F90E /* Frameworks */ = {
			isa = PBXFrameworksBuildPhase;
			buildActionMask = 2147483647;
			files = (
			);
			runOnlyForDeploymentPostprocessing = 0;
		};
/* End PBXFrameworksBuildPhase section */

/* Begin PBXGroup section */
		A3A0DA07204142ED0044D397 /* Frameworks */ = {
			isa = PBXGroup;
			children = (
				A3A0DA1E204143750044D397 /* GoogleMobileAds.framework */,
				A3A0DA0E2041434F0044D397 /* AudioToolbox.framework */,
				A3A0DA0F2041434F0044D397 /* AVFoundation.framework */,
				A3A0DA0A2041434F0044D397 /* CoreGraphics.framework */,
				A3A0DA10204143500044D397 /* CoreMedia.framework */,
				A3A0DA11204143500044D397 /* CoreTelephony.framework */,
				A3A0DA0B2041434F0044D397 /* EventKit.framework */,
				A3A0DA0C2041434F0044D397 /* EventKitUI.framework */,
				A3A0DA12204143500044D397 /* MessageUI.framework */,
				A3A0DA0D2041434F0044D397 /* StoreKit.framework */,
				A3A0DA13204143500044D397 /* SystemConfiguration.framework */,
				A3A0DA08204142ED0044D397 /* AdSupport.framework */,
			);
			name = Frameworks;
			sourceTree = "<group>";
		};
		B63CFD582037390800F0F90E = {
			isa = PBXGroup;
			children = (
				B63CFD632037390800F0F90E /* Meteor */,
				B63CFD7E2037390800F0F90E /* MeteorTests */,
				B63CFD892037390800F0F90E /* MeteorUITests */,
				B63CFD622037390800F0F90E /* Products */,
				A3A0DA07204142ED0044D397 /* Frameworks */,
			);
			sourceTree = "<group>";
		};
		B63CFD622037390800F0F90E /* Products */ = {
			isa = PBXGroup;
			children = (
				B63CFD612037390800F0F90E /* Meteor.app */,
				B63CFD7B2037390800F0F90E /* MeteorTests.xctest */,
				B63CFD862037390800F0F90E /* MeteorUITests.xctest */,
			);
			name = Products;
			sourceTree = "<group>";
		};
		B63CFD632037390800F0F90E /* Meteor */ = {
			isa = PBXGroup;
			children = (
				B63CFDA120373B4700F0F90E /* Supporting Files */,
				B63CFD98203739C600F0F90E /* Sources */,
				B63CFD9E20373AE500F0F90E /* Resources */,
			);
			path = Meteor;
			sourceTree = "<group>";
		};
		B63CFD7E2037390800F0F90E /* MeteorTests */ = {
			isa = PBXGroup;
			children = (
				B63CFD7F2037390800F0F90E /* MeteorTests.swift */,
				B63CFD812037390800F0F90E /* Info.plist */,
			);
			path = MeteorTests;
			sourceTree = "<group>";
		};
		B63CFD892037390800F0F90E /* MeteorUITests */ = {
			isa = PBXGroup;
			children = (
				B63CFD8A2037390800F0F90E /* MeteorUITests.swift */,
				B63CFD8C2037390800F0F90E /* Info.plist */,
			);
			path = MeteorUITests;
			sourceTree = "<group>";
		};
		B63CFD98203739C600F0F90E /* Sources */ = {
			isa = PBXGroup;
			children = (
				B63CFD9920373A1D00F0F90E /* Defaults */,
				B63CFD9A20373A3B00F0F90E /* Views */,
				B63CFDF72037E32400F0F90E /* Scenes */,
				B63CFDF52037E2FD00F0F90E /* Nodes */,
				B63CFDF62037E31300F0F90E /* Particles */,
			);
			path = Sources;
			sourceTree = "<group>";
		};
		B63CFD9920373A1D00F0F90E /* Defaults */ = {
			isa = PBXGroup;
			children = (
				B63CFD642037390800F0F90E /* AppDelegate.swift */,
			);
			path = Defaults;
			sourceTree = "<group>";
		};
		B63CFD9A20373A3B00F0F90E /* Views */ = {
			isa = PBXGroup;
			children = (
				B63CFD9D20373A7000F0F90E /* Base.lproj */,
				B63CFD9B20373A5900F0F90E /* Master */,
				B63CFD9C20373A6700F0F90E /* Detail */,
			);
			path = Views;
			sourceTree = "<group>";
		};
		B63CFD9B20373A5900F0F90E /* Master */ = {
			isa = PBXGroup;
			children = (
				B63CFDCA20373D2C00F0F90E /* GameView.swift */,
				B63CFDCC20373D2C00F0F90E /* GameViewController.swift */,
			);
			path = Master;
			sourceTree = "<group>";
		};
		B63CFD9C20373A6700F0F90E /* Detail */ = {
			isa = PBXGroup;
			children = (
				B63CFDC720373CF800F0F90E /* HUDView.swift */,
				B6610840204829AA008B3767 /* GaugeView.swift */,
				B63CFDCB20373D2C00F0F90E /* PauseView.swift */,
				B6DE6285203B15E100A1B13F /* GameOverView.swift */,
				B6610848204A76D2008B3767 /* BackgroundView.swift */,
			);
			path = Detail;
			sourceTree = "<group>";
		};
		B63CFD9D20373A7000F0F90E /* Base.lproj */ = {
			isa = PBXGroup;
			children = (
				B63CFD6E2037390800F0F90E /* Main.storyboard */,
				B6A4CEBB204141A700A9AB0D /* Launch Screen.storyboard */,
			);
			path = Base.lproj;
			sourceTree = "<group>";
		};
		B63CFD9E20373AE500F0F90E /* Resources */ = {
			isa = PBXGroup;
			children = (
				B63CFDFB20386F8800F0F90E /* Fonts */,
				B63CFDA220373B8400F0F90E /* Sounds */,
				B63CFD9F20373AFB00F0F90E /* Images */,
			);
			path = Resources;
			sourceTree = "<group>";
		};
		B63CFD9F20373AFB00F0F90E /* Images */ = {
			isa = PBXGroup;
			children = (
				B63CFDF32037E28D00F0F90E /* Asset.xcassets */,
				B61D434C205D089B00EE5FDF /* LaunchScreen.xcassets */,
				B6511692204ACEB7008C6571 /* Player.xcassets */,
				B6D0C6152053A09B0007F8D1 /* Particle.xcassets */,
				B661084C204A777E008B3767 /* BackgroundView.xcassets */,
				A3DCB55A204A2AE2008C8262 /* pod.xcassets */,
				B6610846204A67F0008B3767 /* GameOverView.xcassets */,
				A3DCB55E204AC317008C8262 /* GaugeView.xcassets */,
				B6C67B99205CEAAE002E89E9 /* PauseButton.xcassets */,
				B63CFDA020373B1400F0F90E /* Base.lproj */,
			);
			path = Images;
			sourceTree = "<group>";
		};
		B63CFDA020373B1400F0F90E /* Base.lproj */ = {
			isa = PBXGroup;
			children = (
				B63CFD732037390800F0F90E /* LaunchScreen.storyboard */,
			);
			path = Base.lproj;
			sourceTree = "<group>";
		};
		B63CFDA120373B4700F0F90E /* Supporting Files */ = {
			isa = PBXGroup;
			children = (
				B63CFD762037390800F0F90E /* Info.plist */,
			);
			path = "Supporting Files";
			sourceTree = "<group>";
		};
		B63CFDA220373B8400F0F90E /* Sounds */ = {
			isa = PBXGroup;
			children = (
				B6958ABA2045A49C00573D8D /* piano31.mp3 */,
				B6610844204A6101008B3767 /* push_45.mp3 */,
				B6958AB620459DE000573D8D /* move1.mp3 */,
				B6958AB82045A0FA00573D8D /* button01.mp3 */,
				B6958AB420459DBE00573D8D /* tyakuti1.mp3 */,
				B6958AAA2045885E00573D8D /* explore16.mp3 */,
				B6958AB220459D8000573D8D /* bougyo01.mp3 */,
				B6958AB020459D6500573D8D /* jump10.mp3 */,
				B6958AAE20459D2F00573D8D /* broken1.mp3 */,
				B6958AAC20459D0400573D8D /* attack03.mp3 */,
				B6A4CEC02041DACA00A9AB0D /* crasy.mp3 */,
				B6A4CEBE2041D67900A9AB0D /* yabusaka.mp3 */,
				B63CFDD920373DC000F0F90E /* shining_star.mp3 */,
			);
			path = Sounds;
			sourceTree = "<group>";
		};
		B63CFDF52037E2FD00F0F90E /* Nodes */ = {
			isa = PBXGroup;
			children = (
				A36B6E682060035300466321 /* GuardShape.swift */,
				A36B6E662060032900466321 /* AttackShape.swift */,
				A38E0CD12053904800467A61 /* SKNode+zPos.swift */,
				A3DBAE842039CA1C0025B9DD /* ComboLabel.swift */,
				B661084220484ECA008B3767 /* Ground.swift */,
				B661084A204A771D008B3767 /* LowestShape.swift */,
				A38E0CCF20518C1300467A61 /* Meteor.swift */,
				B661083E2046A8B0008B3767 /* TitleNode.swift */,
				A3DBAE82203946960025B9DD /* Player.swift */,
				A3DBAE80203926C50025B9DD /* LandingEffect.swift */,
				B63CFDBD20373C9400F0F90E /* IconButton.swift */,
				B63CFDC520373CEF00F0F90E /* GuardPod.swift */,
				A3DBAE86203B1CB50025B9DD /* Credits.swift */,
				B6C67B97205CE98F002E89E9 /* PauseButton.swift */,
			);
			path = Nodes;
			sourceTree = "<group>";
		};
		B63CFDF62037E31300F0F90E /* Particles */ = {
			isa = PBXGroup;
			children = (
				B63CFDE620373EAC00F0F90E /* MeteorBroken.sks */,
				B6D0C6142053A09B0007F8D1 /* Impact.sks */,
				B6C67B91205AA6AF002E89E9 /* jump.sks */,
				B6C67B92205AA6AF002E89E9 /* Assets.xcassets */,
			);
			path = Particles;
			sourceTree = "<group>";
		};
		B63CFDF72037E32400F0F90E /* Scenes */ = {
			isa = PBXGroup;
			children = (
				B63CFDA720373BAC00F0F90E /* GameScene.swift */,
				B63CFDA520373BA400F0F90E /* GameScene.sks */,
			);
			path = Scenes;
			sourceTree = "<group>";
		};
		B63CFDFB20386F8800F0F90E /* Fonts */ = {
			isa = PBXGroup;
			children = (
				A3DBAE5A203883F90025B9DD /* GillSansStd-ExtraBold.otf */,
			);
			path = Fonts;
			sourceTree = "<group>";
		};
/* End PBXGroup section */

/* Begin PBXNativeTarget section */
		B63CFD602037390800F0F90E /* Meteor */ = {
			isa = PBXNativeTarget;
			buildConfigurationList = B63CFD8F2037390800F0F90E /* Build configuration list for PBXNativeTarget "Meteor" */;
			buildPhases = (
				B63CFD5D2037390800F0F90E /* Sources */,
				B63CFD5E2037390800F0F90E /* Frameworks */,
				B63CFD5F2037390800F0F90E /* Resources */,
			);
			buildRules = (
			);
			dependencies = (
			);
			name = Meteor;
			productName = Meteor;
			productReference = B63CFD612037390800F0F90E /* Meteor.app */;
			productType = "com.apple.product-type.application";
		};
		B63CFD7A2037390800F0F90E /* MeteorTests */ = {
			isa = PBXNativeTarget;
			buildConfigurationList = B63CFD922037390800F0F90E /* Build configuration list for PBXNativeTarget "MeteorTests" */;
			buildPhases = (
				B63CFD772037390800F0F90E /* Sources */,
				B63CFD782037390800F0F90E /* Frameworks */,
				B63CFD792037390800F0F90E /* Resources */,
			);
			buildRules = (
			);
			dependencies = (
				B63CFD7D2037390800F0F90E /* PBXTargetDependency */,
			);
			name = MeteorTests;
			productName = MeteorTests;
			productReference = B63CFD7B2037390800F0F90E /* MeteorTests.xctest */;
			productType = "com.apple.product-type.bundle.unit-test";
		};
		B63CFD852037390800F0F90E /* MeteorUITests */ = {
			isa = PBXNativeTarget;
			buildConfigurationList = B63CFD952037390800F0F90E /* Build configuration list for PBXNativeTarget "MeteorUITests" */;
			buildPhases = (
				B63CFD822037390800F0F90E /* Sources */,
				B63CFD832037390800F0F90E /* Frameworks */,
				B63CFD842037390800F0F90E /* Resources */,
			);
			buildRules = (
			);
			dependencies = (
				B63CFD882037390800F0F90E /* PBXTargetDependency */,
			);
			name = MeteorUITests;
			productName = MeteorUITests;
			productReference = B63CFD862037390800F0F90E /* MeteorUITests.xctest */;
			productType = "com.apple.product-type.bundle.ui-testing";
		};
/* End PBXNativeTarget section */

/* Begin PBXProject section */
		B63CFD592037390800F0F90E /* Project object */ = {
			isa = PBXProject;
			attributes = {
				LastSwiftUpdateCheck = 0920;
				LastUpgradeCheck = 0920;
				ORGANIZATIONNAME = "Kazuaki Oe";
				TargetAttributes = {
					B63CFD602037390800F0F90E = {
						CreatedOnToolsVersion = 9.2;
						ProvisioningStyle = Automatic;
					};
					B63CFD7A2037390800F0F90E = {
						CreatedOnToolsVersion = 9.2;
						ProvisioningStyle = Automatic;
						TestTargetID = B63CFD602037390800F0F90E;
					};
					B63CFD852037390800F0F90E = {
						CreatedOnToolsVersion = 9.2;
						ProvisioningStyle = Automatic;
						TestTargetID = B63CFD602037390800F0F90E;
					};
				};
			};
			buildConfigurationList = B63CFD5C2037390800F0F90E /* Build configuration list for PBXProject "Meteor" */;
			compatibilityVersion = "Xcode 8.0";
			developmentRegion = en;
			hasScannedForEncodings = 0;
			knownRegions = (
				en,
				Base,
			);
			mainGroup = B63CFD582037390800F0F90E;
			productRefGroup = B63CFD622037390800F0F90E /* Products */;
			projectDirPath = "";
			projectRoot = "";
			targets = (
				B63CFD602037390800F0F90E /* Meteor */,
				B63CFD7A2037390800F0F90E /* MeteorTests */,
				B63CFD852037390800F0F90E /* MeteorUITests */,
			);
		};
/* End PBXProject section */

/* Begin PBXResourcesBuildPhase section */
		B63CFD5F2037390800F0F90E /* Resources */ = {
			isa = PBXResourcesBuildPhase;
			buildActionMask = 2147483647;
			files = (
				B6958AB320459D8000573D8D /* bougyo01.mp3 in Resources */,
				B6A4CEC12041DACB00A9AB0D /* crasy.mp3 in Resources */,
				B63CFDF42037E28D00F0F90E /* Asset.xcassets in Resources */,
				B6D0C6162053A09B0007F8D1 /* Impact.sks in Resources */,
				B6958AB92045A0FA00573D8D /* button01.mp3 in Resources */,
				B6A4CEBF2041D67900A9AB0D /* yabusaka.mp3 in Resources */,
				B6511693204ACEB7008C6571 /* Player.xcassets in Resources */,
				B63CFD702037390800F0F90E /* Main.storyboard in Resources */,
				B6958AAD20459D0400573D8D /* attack03.mp3 in Resources */,
				A3DBAE5B203883F90025B9DD /* GillSansStd-ExtraBold.otf in Resources */,
				B6C67B9A205CEAAE002E89E9 /* PauseButton.xcassets in Resources */,
				B63CFDA620373BA400F0F90E /* GameScene.sks in Resources */,
				B6C67B93205AA6AF002E89E9 /* jump.sks in Resources */,
				B6A4CEBD204141A700A9AB0D /* Launch Screen.storyboard in Resources */,
				B63CFDE820373EAC00F0F90E /* MeteorBroken.sks in Resources */,
				B661084D204A777E008B3767 /* BackgroundView.xcassets in Resources */,
				B61D434D205D089B00EE5FDF /* LaunchScreen.xcassets in Resources */,
				A3DCB55B204A2AE2008C8262 /* pod.xcassets in Resources */,
				B6958AAB2045885E00573D8D /* explore16.mp3 in Resources */,
				B63CFD752037390800F0F90E /* LaunchScreen.storyboard in Resources */,
				B6D0C6172053A09B0007F8D1 /* Particle.xcassets in Resources */,
				B6610845204A6101008B3767 /* push_45.mp3 in Resources */,
				B6958AB520459DBE00573D8D /* tyakuti1.mp3 in Resources */,
				B6610847204A67F0008B3767 /* GameOverView.xcassets in Resources */,
				A3DCB55F204AC317008C8262 /* GaugeView.xcassets in Resources */,
				B6958ABB2045A49C00573D8D /* piano31.mp3 in Resources */,
				B6958AB720459DE000573D8D /* move1.mp3 in Resources */,
				B6958AAF20459D2F00573D8D /* broken1.mp3 in Resources */,
				B6C67B94205AA6AF002E89E9 /* Assets.xcassets in Resources */,
				B6958AB120459D6500573D8D /* jump10.mp3 in Resources */,
				B63CFDE220373DC100F0F90E /* shining_star.mp3 in Resources */,
			);
			runOnlyForDeploymentPostprocessing = 0;
		};
		B63CFD792037390800F0F90E /* Resources */ = {
			isa = PBXResourcesBuildPhase;
			buildActionMask = 2147483647;
			files = (
			);
			runOnlyForDeploymentPostprocessing = 0;
		};
		B63CFD842037390800F0F90E /* Resources */ = {
			isa = PBXResourcesBuildPhase;
			buildActionMask = 2147483647;
			files = (
			);
			runOnlyForDeploymentPostprocessing = 0;
		};
/* End PBXResourcesBuildPhase section */

/* Begin PBXSourcesBuildPhase section */
		B63CFD5D2037390800F0F90E /* Sources */ = {
			isa = PBXSourcesBuildPhase;
			buildActionMask = 2147483647;
			files = (
				B63CFDC820373CF800F0F90E /* HUDView.swift in Sources */,
				B63CFDBE20373C9400F0F90E /* IconButton.swift in Sources */,
				A3DBAE852039CA1C0025B9DD /* ComboLabel.swift in Sources */,
				B63CFDA820373BAC00F0F90E /* GameScene.swift in Sources */,
				B6DE6286203B15E100A1B13F /* GameOverView.swift in Sources */,
				B661084B204A771D008B3767 /* LowestShape.swift in Sources */,
				B661083F2046A8B0008B3767 /* TitleNode.swift in Sources */,
				A3DBAE83203946960025B9DD /* Player.swift in Sources */,
				A38E0CD020518C1300467A61 /* Meteor.swift in Sources */,
				B661084320484ECA008B3767 /* Ground.swift in Sources */,
				A3DBAE87203B1CB50025B9DD /* Credits.swift in Sources */,
				B6C67B98205CE98F002E89E9 /* PauseButton.swift in Sources */,
				B63CFDCF20373D2C00F0F90E /* GameView.swift in Sources */,
				B63CFD652037390800F0F90E /* AppDelegate.swift in Sources */,
				B6610841204829AA008B3767 /* GaugeView.swift in Sources */,
				A36B6E672060032900466321 /* AttackShape.swift in Sources */,
				B63CFDD020373D2C00F0F90E /* PauseView.swift in Sources */,
				A36B6E692060035300466321 /* GuardShape.swift in Sources */,
				B63CFDD120373D2C00F0F90E /* GameViewController.swift in Sources */,
				B63CFDC620373CEF00F0F90E /* GuardPod.swift in Sources */,
				B6610849204A76D2008B3767 /* BackgroundView.swift in Sources */,
				A3DBAE81203926C50025B9DD /* LandingEffect.swift in Sources */,
				A38E0CD22053904800467A61 /* SKNode+zPos.swift in Sources */,
			);
			runOnlyForDeploymentPostprocessing = 0;
		};
		B63CFD772037390800F0F90E /* Sources */ = {
			isa = PBXSourcesBuildPhase;
			buildActionMask = 2147483647;
			files = (
				B63CFD802037390800F0F90E /* MeteorTests.swift in Sources */,
			);
			runOnlyForDeploymentPostprocessing = 0;
		};
		B63CFD822037390800F0F90E /* Sources */ = {
			isa = PBXSourcesBuildPhase;
			buildActionMask = 2147483647;
			files = (
				B63CFD8B2037390800F0F90E /* MeteorUITests.swift in Sources */,
			);
			runOnlyForDeploymentPostprocessing = 0;
		};
/* End PBXSourcesBuildPhase section */

/* Begin PBXTargetDependency section */
		B63CFD7D2037390800F0F90E /* PBXTargetDependency */ = {
			isa = PBXTargetDependency;
			target = B63CFD602037390800F0F90E /* Meteor */;
			targetProxy = B63CFD7C2037390800F0F90E /* PBXContainerItemProxy */;
		};
		B63CFD882037390800F0F90E /* PBXTargetDependency */ = {
			isa = PBXTargetDependency;
			target = B63CFD602037390800F0F90E /* Meteor */;
			targetProxy = B63CFD872037390800F0F90E /* PBXContainerItemProxy */;
		};
/* End PBXTargetDependency section */

/* Begin PBXVariantGroup section */
		B63CFD6E2037390800F0F90E /* Main.storyboard */ = {
			isa = PBXVariantGroup;
			children = (
				B63CFD6F2037390800F0F90E /* Base */,
			);
			name = Main.storyboard;
			sourceTree = "<group>";
		};
		B63CFD732037390800F0F90E /* LaunchScreen.storyboard */ = {
			isa = PBXVariantGroup;
			children = (
				B63CFD742037390800F0F90E /* Base */,
			);
			name = LaunchScreen.storyboard;
			sourceTree = "<group>";
		};
		B6A4CEBB204141A700A9AB0D /* Launch Screen.storyboard */ = {
			isa = PBXVariantGroup;
			children = (
				B6A4CEBC204141A700A9AB0D /* Base */,
			);
			name = "Launch Screen.storyboard";
			sourceTree = "<group>";
		};
/* End PBXVariantGroup section */

/* Begin XCBuildConfiguration section */
		B63CFD8D2037390800F0F90E /* Debug */ = {
			isa = XCBuildConfiguration;
			buildSettings = {
				ALWAYS_SEARCH_USER_PATHS = NO;
				CLANG_ANALYZER_NONNULL = YES;
				CLANG_ANALYZER_NUMBER_OBJECT_CONVERSION = YES_AGGRESSIVE;
				CLANG_CXX_LANGUAGE_STANDARD = "gnu++14";
				CLANG_CXX_LIBRARY = "libc++";
				CLANG_ENABLE_MODULES = YES;
				CLANG_ENABLE_OBJC_ARC = YES;
				CLANG_WARN_BLOCK_CAPTURE_AUTORELEASING = YES;
				CLANG_WARN_BOOL_CONVERSION = YES;
				CLANG_WARN_COMMA = YES;
				CLANG_WARN_CONSTANT_CONVERSION = YES;
				CLANG_WARN_DIRECT_OBJC_ISA_USAGE = YES_ERROR;
				CLANG_WARN_DOCUMENTATION_COMMENTS = YES;
				CLANG_WARN_EMPTY_BODY = YES;
				CLANG_WARN_ENUM_CONVERSION = YES;
				CLANG_WARN_INFINITE_RECURSION = YES;
				CLANG_WARN_INT_CONVERSION = YES;
				CLANG_WARN_NON_LITERAL_NULL_CONVERSION = YES;
				CLANG_WARN_OBJC_LITERAL_CONVERSION = YES;
				CLANG_WARN_OBJC_ROOT_CLASS = YES_ERROR;
				CLANG_WARN_RANGE_LOOP_ANALYSIS = YES;
				CLANG_WARN_STRICT_PROTOTYPES = YES;
				CLANG_WARN_SUSPICIOUS_MOVE = YES;
				CLANG_WARN_UNGUARDED_AVAILABILITY = YES_AGGRESSIVE;
				CLANG_WARN_UNREACHABLE_CODE = YES;
				CLANG_WARN__DUPLICATE_METHOD_MATCH = YES;
				CODE_SIGN_IDENTITY = "iPhone Developer";
				COPY_PHASE_STRIP = NO;
				DEBUG_INFORMATION_FORMAT = dwarf;
				ENABLE_STRICT_OBJC_MSGSEND = YES;
				ENABLE_TESTABILITY = YES;
				GCC_C_LANGUAGE_STANDARD = gnu11;
				GCC_DYNAMIC_NO_PIC = NO;
				GCC_NO_COMMON_BLOCKS = YES;
				GCC_OPTIMIZATION_LEVEL = 0;
				GCC_PREPROCESSOR_DEFINITIONS = (
					"DEBUG=1",
					"$(inherited)",
				);
				GCC_WARN_64_TO_32_BIT_CONVERSION = YES;
				GCC_WARN_ABOUT_RETURN_TYPE = YES_ERROR;
				GCC_WARN_UNDECLARED_SELECTOR = YES;
				GCC_WARN_UNINITIALIZED_AUTOS = YES_AGGRESSIVE;
				GCC_WARN_UNUSED_FUNCTION = YES;
				GCC_WARN_UNUSED_VARIABLE = YES;
				IPHONEOS_DEPLOYMENT_TARGET = 11.2;
				MTL_ENABLE_DEBUG_INFO = YES;
				ONLY_ACTIVE_ARCH = YES;
				SDKROOT = iphoneos;
				SWIFT_ACTIVE_COMPILATION_CONDITIONS = DEBUG;
				SWIFT_OPTIMIZATION_LEVEL = "-Onone";
			};
			name = Debug;
		};
		B63CFD8E2037390800F0F90E /* Release */ = {
			isa = XCBuildConfiguration;
			buildSettings = {
				ALWAYS_SEARCH_USER_PATHS = NO;
				CLANG_ANALYZER_NONNULL = YES;
				CLANG_ANALYZER_NUMBER_OBJECT_CONVERSION = YES_AGGRESSIVE;
				CLANG_CXX_LANGUAGE_STANDARD = "gnu++14";
				CLANG_CXX_LIBRARY = "libc++";
				CLANG_ENABLE_MODULES = YES;
				CLANG_ENABLE_OBJC_ARC = YES;
				CLANG_WARN_BLOCK_CAPTURE_AUTORELEASING = YES;
				CLANG_WARN_BOOL_CONVERSION = YES;
				CLANG_WARN_COMMA = YES;
				CLANG_WARN_CONSTANT_CONVERSION = YES;
				CLANG_WARN_DIRECT_OBJC_ISA_USAGE = YES_ERROR;
				CLANG_WARN_DOCUMENTATION_COMMENTS = YES;
				CLANG_WARN_EMPTY_BODY = YES;
				CLANG_WARN_ENUM_CONVERSION = YES;
				CLANG_WARN_INFINITE_RECURSION = YES;
				CLANG_WARN_INT_CONVERSION = YES;
				CLANG_WARN_NON_LITERAL_NULL_CONVERSION = YES;
				CLANG_WARN_OBJC_LITERAL_CONVERSION = YES;
				CLANG_WARN_OBJC_ROOT_CLASS = YES_ERROR;
				CLANG_WARN_RANGE_LOOP_ANALYSIS = YES;
				CLANG_WARN_STRICT_PROTOTYPES = YES;
				CLANG_WARN_SUSPICIOUS_MOVE = YES;
				CLANG_WARN_UNGUARDED_AVAILABILITY = YES_AGGRESSIVE;
				CLANG_WARN_UNREACHABLE_CODE = YES;
				CLANG_WARN__DUPLICATE_METHOD_MATCH = YES;
				CODE_SIGN_IDENTITY = "iPhone Developer";
				COPY_PHASE_STRIP = NO;
				DEBUG_INFORMATION_FORMAT = "dwarf-with-dsym";
				ENABLE_NS_ASSERTIONS = NO;
				ENABLE_STRICT_OBJC_MSGSEND = YES;
				GCC_C_LANGUAGE_STANDARD = gnu11;
				GCC_NO_COMMON_BLOCKS = YES;
				GCC_WARN_64_TO_32_BIT_CONVERSION = YES;
				GCC_WARN_ABOUT_RETURN_TYPE = YES_ERROR;
				GCC_WARN_UNDECLARED_SELECTOR = YES;
				GCC_WARN_UNINITIALIZED_AUTOS = YES_AGGRESSIVE;
				GCC_WARN_UNUSED_FUNCTION = YES;
				GCC_WARN_UNUSED_VARIABLE = YES;
				IPHONEOS_DEPLOYMENT_TARGET = 11.2;
				MTL_ENABLE_DEBUG_INFO = NO;
				SDKROOT = iphoneos;
				SWIFT_OPTIMIZATION_LEVEL = "-Owholemodule";
				VALIDATE_PRODUCT = YES;
			};
			name = Release;
		};
		B63CFD902037390800F0F90E /* Debug */ = {
			isa = XCBuildConfiguration;
			buildSettings = {
				ASSETCATALOG_COMPILER_APPICON_NAME = AppIcon;
				"CODE_SIGN_IDENTITY[sdk=iphoneos*]" = "iPhone Developer";
				CODE_SIGN_STYLE = Automatic;
				DEVELOPMENT_TEAM = 5L6RZ6S9L7;
				FRAMEWORK_SEARCH_PATHS = (
					"$(inherited)",
					"$(PROJECT_DIR)",
				);
				INFOPLIST_FILE = "$(SRCROOT)/Meteor/Supporting Files/Info.plist";
				IPHONEOS_DEPLOYMENT_TARGET = 9.0;
				LD_RUNPATH_SEARCH_PATHS = "$(inherited) @executable_path/Frameworks";
				PRODUCT_BUNDLE_IDENTIFIER = net.otutama.meteor;
				PRODUCT_NAME = "$(TARGET_NAME)";
				PROVISIONING_PROFILE_SPECIFIER = "";
				SWIFT_VERSION = 4.0;
				TARGETED_DEVICE_FAMILY = 1;
			};
			name = Debug;
		};
		B63CFD912037390800F0F90E /* Release */ = {
			isa = XCBuildConfiguration;
			buildSettings = {
				ASSETCATALOG_COMPILER_APPICON_NAME = AppIcon;
				"CODE_SIGN_IDENTITY[sdk=iphoneos*]" = "iPhone Developer";
				CODE_SIGN_STYLE = Automatic;
				DEVELOPMENT_TEAM = 5L6RZ6S9L7;
				FRAMEWORK_SEARCH_PATHS = (
					"$(inherited)",
					"$(PROJECT_DIR)",
				);
				INFOPLIST_FILE = "$(SRCROOT)/Meteor/Supporting Files/Info.plist";
				IPHONEOS_DEPLOYMENT_TARGET = 9.0;
				LD_RUNPATH_SEARCH_PATHS = "$(inherited) @executable_path/Frameworks";
				PRODUCT_BUNDLE_IDENTIFIER = net.otutama.meteor;
				PRODUCT_NAME = "$(TARGET_NAME)";
				PROVISIONING_PROFILE_SPECIFIER = "";
				SWIFT_VERSION = 4.0;
				TARGETED_DEVICE_FAMILY = 1;
			};
			name = Release;
		};
		B63CFD932037390800F0F90E /* Debug */ = {
			isa = XCBuildConfiguration;
			buildSettings = {
				ALWAYS_EMBED_SWIFT_STANDARD_LIBRARIES = YES;
				BUNDLE_LOADER = "$(TEST_HOST)";
				CODE_SIGN_STYLE = Automatic;
				DEVELOPMENT_TEAM = 5L6RZ6S9L7;
				INFOPLIST_FILE = MeteorTests/Info.plist;
				LD_RUNPATH_SEARCH_PATHS = "$(inherited) @executable_path/Frameworks @loader_path/Frameworks";
				PRODUCT_BUNDLE_IDENTIFIER = otutama.jp.MeteorTests;
				PRODUCT_NAME = "$(TARGET_NAME)";
				SWIFT_VERSION = 4.0;
				TARGETED_DEVICE_FAMILY = "1,2";
				TEST_HOST = "$(BUILT_PRODUCTS_DIR)/Meteor.app/Meteor";
			};
			name = Debug;
		};
		B63CFD942037390800F0F90E /* Release */ = {
			isa = XCBuildConfiguration;
			buildSettings = {
				ALWAYS_EMBED_SWIFT_STANDARD_LIBRARIES = YES;
				BUNDLE_LOADER = "$(TEST_HOST)";
				CODE_SIGN_STYLE = Automatic;
				DEVELOPMENT_TEAM = 5L6RZ6S9L7;
				INFOPLIST_FILE = MeteorTests/Info.plist;
				LD_RUNPATH_SEARCH_PATHS = "$(inherited) @executable_path/Frameworks @loader_path/Frameworks";
				PRODUCT_BUNDLE_IDENTIFIER = otutama.jp.MeteorTests;
				PRODUCT_NAME = "$(TARGET_NAME)";
				SWIFT_VERSION = 4.0;
				TARGETED_DEVICE_FAMILY = "1,2";
				TEST_HOST = "$(BUILT_PRODUCTS_DIR)/Meteor.app/Meteor";
			};
			name = Release;
		};
		B63CFD962037390800F0F90E /* Debug */ = {
			isa = XCBuildConfiguration;
			buildSettings = {
				ALWAYS_EMBED_SWIFT_STANDARD_LIBRARIES = YES;
				CODE_SIGN_STYLE = Automatic;
				DEVELOPMENT_TEAM = 5L6RZ6S9L7;
				INFOPLIST_FILE = MeteorUITests/Info.plist;
				LD_RUNPATH_SEARCH_PATHS = "$(inherited) @executable_path/Frameworks @loader_path/Frameworks";
				PRODUCT_BUNDLE_IDENTIFIER = otutama.jp.MeteorUITests;
				PRODUCT_NAME = "$(TARGET_NAME)";
				SWIFT_VERSION = 4.0;
				TARGETED_DEVICE_FAMILY = "1,2";
				TEST_TARGET_NAME = Meteor;
			};
			name = Debug;
		};
		B63CFD972037390800F0F90E /* Release */ = {
			isa = XCBuildConfiguration;
			buildSettings = {
				ALWAYS_EMBED_SWIFT_STANDARD_LIBRARIES = YES;
				CODE_SIGN_STYLE = Automatic;
				DEVELOPMENT_TEAM = 5L6RZ6S9L7;
				INFOPLIST_FILE = MeteorUITests/Info.plist;
				LD_RUNPATH_SEARCH_PATHS = "$(inherited) @executable_path/Frameworks @loader_path/Frameworks";
				PRODUCT_BUNDLE_IDENTIFIER = otutama.jp.MeteorUITests;
				PRODUCT_NAME = "$(TARGET_NAME)";
				SWIFT_VERSION = 4.0;
				TARGETED_DEVICE_FAMILY = "1,2";
				TEST_TARGET_NAME = Meteor;
			};
			name = Release;
		};
/* End XCBuildConfiguration section */

/* Begin XCConfigurationList section */
		B63CFD5C2037390800F0F90E /* Build configuration list for PBXProject "Meteor" */ = {
			isa = XCConfigurationList;
			buildConfigurations = (
				B63CFD8D2037390800F0F90E /* Debug */,
				B63CFD8E2037390800F0F90E /* Release */,
			);
			defaultConfigurationIsVisible = 0;
			defaultConfigurationName = Release;
		};
		B63CFD8F2037390800F0F90E /* Build configuration list for PBXNativeTarget "Meteor" */ = {
			isa = XCConfigurationList;
			buildConfigurations = (
				B63CFD902037390800F0F90E /* Debug */,
				B63CFD912037390800F0F90E /* Release */,
			);
			defaultConfigurationIsVisible = 0;
			defaultConfigurationName = Release;
		};
		B63CFD922037390800F0F90E /* Build configuration list for PBXNativeTarget "MeteorTests" */ = {
			isa = XCConfigurationList;
			buildConfigurations = (
				B63CFD932037390800F0F90E /* Debug */,
				B63CFD942037390800F0F90E /* Release */,
			);
			defaultConfigurationIsVisible = 0;
			defaultConfigurationName = Release;
		};
		B63CFD952037390800F0F90E /* Build configuration list for PBXNativeTarget "MeteorUITests" */ = {
			isa = XCConfigurationList;
			buildConfigurations = (
				B63CFD962037390800F0F90E /* Debug */,
				B63CFD972037390800F0F90E /* Release */,
			);
			defaultConfigurationIsVisible = 0;
			defaultConfigurationName = Release;
		};
/* End XCConfigurationList section */
	};
	rootObject = B63CFD592037390800F0F90E /* Project object */;
}
